
Microsoft Visual Studio Solution File, Format Version 12.00
# Visual Studio 15
VisualStudioVersion = 15.0.28307.329
MinimumVisualStudioVersion = 10.0.40219.1
Project("{FAE04EC0-301F-11D3-BF4B-00C04F79EFBC}") = "producto2", "producto2\producto2.csproj", "{D615215F-9580-4095-AC92-A44359CC4270}"
EndProject
Global
	GlobalSection(SolutionConfigurationPlatforms) = preSolution
		Debug|Any CPU = Debug|Any CPU
		Release|Any CPU = Release|Any CPU
	EndGlobalSection
	GlobalSection(ProjectConfigurationPlatforms) = postSolution
		{D615215F-9580-4095-AC92-A44359CC4270}.Debug|Any CPU.ActiveCfg = Debug|Any CPU
		{D615215F-9580-4095-AC92-A44359CC4270}.Debug|Any CPU.Build.0 = Debug|Any CPU
		{D615215F-9580-4095-AC92-A44359CC4270}.Release|Any CPU.ActiveCfg = Release|Any CPU
		{D615215F-9580-4095-AC92-A44359CC4270}.Release|Any CPU.Build.0 = Release|Any CPU
	EndGlobalSection
	GlobalSection(SolutionProperties) = preSolution
		HideSolutionNode = FALSE
	EndGlobalSection
	GlobalSection(ExtensibilityGlobals) = postSolution
		SolutionGuid = {A2CC3AAE-D49C-4840-B766-CD67526411C5}
	EndGlobalSection
EndGlobal
